
Microsoft Visual Studio Solution File, Format Version 12.00
# Visual Studio Version 17
VisualStudioVersion = 17.8.34316.72
MinimumVisualStudioVersion = 10.0.40219.1
Project("{9A19103F-16F7-4668-BE54-9A1E7A4F7556}") = "skill-composer", "skill-composer.csproj", "{AE6B654A-7613-45BB-8907-5FD051F827CC}"
EndProject
Project("{FAE04EC0-301F-11D3-BF4B-00C04F79EFBC}") = "test", "test\test.csproj", "{839D80CB-D995-4E28-8B6F-0988939754B3}"
EndProject
Global
	GlobalSection(SolutionConfigurationPlatforms) = preSolution
		Debug|Any CPU = Debug|Any CPU
		Release|Any CPU = Release|Any CPU
	EndGlobalSection
	GlobalSection(ProjectConfigurationPlatforms) = postSolution
		{AE6B654A-7613-45BB-8907-5FD051F827CC}.Debug|Any CPU.ActiveCfg = Debug|Any CPU
		{AE6B654A-7613-45BB-8907-5FD051F827CC}.Debug|Any CPU.Build.0 = Debug|Any CPU
		{AE6B654A-7613-45BB-8907-5FD051F827CC}.Release|Any CPU.ActiveCfg = Release|Any CPU
		{AE6B654A-7613-45BB-8907-5FD051F827CC}.Release|Any CPU.Build.0 = Release|Any CPU
		{839D80CB-D995-4E28-8B6F-0988939754B3}.Debug|Any CPU.ActiveCfg = Debug|Any CPU
		{839D80CB-D995-4E28-8B6F-0988939754B3}.Debug|Any CPU.Build.0 = Debug|Any CPU
		{839D80CB-D995-4E28-8B6F-0988939754B3}.Release|Any CPU.ActiveCfg = Release|Any CPU
		{839D80CB-D995-4E28-8B6F-0988939754B3}.Release|Any CPU.Build.0 = Release|Any CPU
	EndGlobalSection
	GlobalSection(SolutionProperties) = preSolution
		HideSolutionNode = FALSE
	EndGlobalSection
	GlobalSection(ExtensibilityGlobals) = postSolution
		SolutionGuid = {3E3FC91F-FEEA-410A-A207-E174CE7EA51C}
	EndGlobalSection
EndGlobal
